github.com/lovego/errs v0.0.0-20200914124519-002655aaf593 h1:r7226H6FsObjjedOSIVC8iF0ueJBObYsF8oukgAQ6m0=
github.com/lovego/errs v0.0.0-20200914124519-002655aaf593/go.mod h1:FfIOS6S5g1NZl4X4jGnY5DifiOaKOpv4N9wZXUKej8k=
github.com/lovego/struct_tag v0.0.3 h1:7WDwH8jQv2hFFikoU05OdIOGS6riL2TEeGbminrY/+w=
github.com/lovego/struct_tag v0.0.3/go.mod h1:Q1otUkTCkcK/oo650zZiElIpQD2CAEJDZcjjhZ9aJnk=
